{
  "version": 4,
  "terraform_version": "1.15.8",
  "serial": 5,
  "lineage": "2876aab9-9eb0-d16a-dcda-79b0af3e79b7",
  "outputs": {
    "application_url": {
      "value": "http://localhost:8085",
      "type": "string"
    },
    "container_id": {
      "value": "e1cc2045f24ff81db7512a89c4b7526d1f0568f2ac3ee048b5119ae2d73508ef",
      "type": "string"
    },
    "container_name": {
      "value": "tasks-app-iac",
      "type": "string"
    },
    "network_name": {
      "value": "tasks-app-network",
      "type": "string"
    },
    "volume_name": {
      "value": "tasks-app-data",
      "type": "string"
    }
  },
  "resources": [
    {
      "mode": "managed",
      "type": "docker_container",
      "name": "tasks_web",
      "provider": "provider[\"registry.terraform.io/kreuzwerker/docker\"]",
      "instances": [
        {
          "schema_version": 2,
          "attributes": {
            "attach": false,
            "bridge": "",
            "capabilities": [],
            "cgroup_parent": null,
            "cgroupns_mode": null,
            "command": [
              "nginx",
              "-g",
              "daemon off;"
            ],
            "container_logs": null,
            "container_read_refresh_timeout_milliseconds": 15000,
            "cpu_period": null,
            "cpu_quota": null,
            "cpu_set": "",
            "cpu_shares": 0,
            "cpus": null,
            "destroy_grace_seconds": null,
            "device_read_bps": [],
            "device_read_iops": [],
            "device_requests": [],
            "device_write_bps": [],
            "device_write_iops": [],
            "devices": [],
            "dns": null,
            "dns_opts": null,
            "dns_search": null,
            "domainname": "",
            "entrypoint": [
              "/docker-entrypoint.sh"
            ],
            "env": [],
            "exit_code": null,
            "gpus": null,
            "group_add": null,
            "healthcheck": null,
            "host": [],
            "hostname": "e1cc2045f24f",
            "id": "e1cc2045f24ff81db7512a89c4b7526d1f0568f2ac3ee048b5119ae2d73508ef",
            "image": "sha256:4a73073bd557c65b759505da037898b61f1be6cbcc3c2c3aeac22d2a470c1752",
            "init": false,
            "ipc_mode": "private",
            "labels": [
              {
                "label": "managed-by",
                "value": "terraform"
              },
              {
                "label": "project",
                "value": "tasks-app-iac"
              }
            ],
            "log_driver": "json-file",
            "log_opts": null,
            "logs": false,
            "max_retry_count": 0,
            "memory": 0,
            "memory_reservation": 0,
            "memory_swap": 0,
            "mounts": [],
            "must_run": true,
            "name": "tasks-app-iac",
            "network_data": [
              {
                "gateway": "172.18.0.1",
                "global_ipv6_address": "",
                "global_ipv6_prefix_length": 0,
                "ip_address": "172.18.0.2",
                "ip_prefix_length": 16,
                "ipv6_gateway": "",
                "mac_address": "ae:a0:d1:2a:51:d7",
                "network_name": "tasks-app-network"
              }
            ],
            "network_mode": "bridge",
            "networks_advanced": [
              {
                "aliases": [],
                "driver_opts": [],
                "gw_priority": null,
                "ipv4_address": "",
                "ipv6_address": "",
                "link_local_ips": [],
                "mac_address": "",
                "name": "tasks-app-network"
              }
            ],
            "pid_mode": null,
            "platform": "linux",
            "ports": [
              {
                "external": 8085,
                "internal": 80,
                "ip": "0.0.0.0",
                "protocol": "tcp"
              }
            ],
            "privileged": false,
            "publish_all_ports": false,
            "read_only": false,
            "remove_volumes": true,
            "restart": "unless-stopped",
            "rm": false,
            "runtime": "runc",
            "security_opts": [],
            "shm_size": 64,
            "start": true,
            "stdin_open": false,
            "stop_signal": "SIGQUIT",
            "stop_timeout": 1,
            "storage_opts": null,
            "sysctls": null,
            "timeouts": null,
            "tmpfs": null,
            "tty": false,
            "ulimit": [],
            "upload": [],
            "user": "",
            "userns_mode": "",
            "volumes": [
              {
                "container_path": "/usr/share/nginx/html",
                "from_container": "",
                "host_path": "",
                "read_only": null,
                "selinux_relabel": "",
                "volume_name": "tasks-app-data"
              }
            ],
            "wait": false,
            "wait_timeout": 60,
            "working_dir": "/"
          },
          "sensitive_attributes": [],
          "identity_schema_version": 0,
          "private": "eyJlMmJmYjczMC1lY2FhLTExZTYtOGY4OC0zNDM2M2JjN2M0YzAiOnsiY3JlYXRlIjoxMjAwMDAwMDAwMDAwLCJkZWxldGUiOjEyMDAwMDAwMDAwMDAsInVwZGF0ZSI6MTIwMDAwMDAwMDAwMH0sInNjaGVtYV92ZXJzaW9uIjoiMiJ9",
          "dependencies": [
            "docker_image.web_image",
            "docker_network.tasks_network",
            "docker_volume.tasks_data"
          ]
        }
      ]
    },
    {
      "mode": "managed",
      "type": "docker_image",
      "name": "web_image",
      "provider": "provider[\"registry.terraform.io/kreuzwerker/docker\"]",
      "instances": [
        {
          "schema_version": 0,
          "attributes": {
            "build": [],
            "force_remove": null,
            "id": "sha256:4a73073bd557c65b759505da037898b61f1be6cbcc3c2c3aeac22d2a470c1752nginx:alpine",
            "image_id": "sha256:4a73073bd557c65b759505da037898b61f1be6cbcc3c2c3aeac22d2a470c1752",
            "keep_locally": false,
            "name": "nginx:alpine",
            "platform": null,
            "pull_triggers": null,
            "repo_digest": "nginx@sha256:4a73073bd557c65b759505da037898b61f1be6cbcc3c2c3aeac22d2a470c1752",
            "timeouts": null,
            "triggers": null
          },
          "sensitive_attributes": [],
          "identity_schema_version": 0,
          "private": "eyJlMmJmYjczMC1lY2FhLTExZTYtOGY4OC0zNDM2M2JjN2M0YzAiOnsiY3JlYXRlIjoxMjAwMDAwMDAwMDAwLCJkZWxldGUiOjEyMDAwMDAwMDAwMDAsInVwZGF0ZSI6MTIwMDAwMDAwMDAwMH19"
        }
      ]
    },
    {
      "mode": "managed",
      "type": "docker_network",
      "name": "tasks_network",
      "provider": "provider[\"registry.terraform.io/kreuzwerker/docker\"]",
      "instances": [
        {
          "schema_version": 1,
          "attributes": {
            "attachable": false,
            "driver": "bridge",
            "id": "06ff09834e5c8054b1fc2e632d176276336d840bf3f5137a91455a6de02fc16a",
            "ingress": false,
            "internal": false,
            "ipam_config": [
              {
                "aux_address": {},
                "gateway": "172.18.0.1",
                "ip_range": "",
                "subnet": "172.18.0.0/16"
              }
            ],
            "ipam_driver": "default",
            "ipam_options": null,
            "ipv6": false,
            "labels": [],
            "name": "tasks-app-network",
            "options": {
              "com.docker.network.enable_ipv4": "true",
              "com.docker.network.enable_ipv6": "false"
            },
            "scope": "local"
          },
          "sensitive_attributes": [],
          "identity_schema_version": 0,
          "private": "eyJzY2hlbWFfdmVyc2lvbiI6IjEifQ=="
        }
      ]
    },
    {
      "mode": "managed",
      "type": "docker_volume",
      "name": "tasks_data",
      "provider": "provider[\"registry.terraform.io/kreuzwerker/docker\"]",
      "instances": [
        {
          "schema_version": 1,
          "attributes": {
            "cluster": [],
            "driver": "local",
            "driver_opts": null,
            "id": "tasks-app-data",
            "labels": [],
            "mountpoint": "/var/lib/docker/volumes/tasks-app-data/_data",
            "name": "tasks-app-data"
          },
          "sensitive_attributes": [],
          "identity_schema_version": 0,
          "private": "eyJzY2hlbWFfdmVyc2lvbiI6IjEifQ=="
        }
      ]
    }
  ],
  "check_results": [
    {
      "object_kind": "var",
      "config_addr": "var.external_port",
      "status": "pass",
      "objects": [
        {
          "object_addr": "var.external_port",
          "status": "pass"
        }
      ]
    }
  ]
}
